
Microsoft Visual Studio Solution File, Format Version 12.00
# Visual Studio Version 16
VisualStudioVersion = 16.0.30503.244
MinimumVisualStudioVersion = 10.0.40219.1
Project("{FAE04EC0-301F-11D3-BF4B-00C04F79EFBC}") = "L1", "L1\L1.csproj", "{BCEF0B51-447C-4009-87E6-21B02D3F70E9}"
EndProject
Project("{FAE04EC0-301F-11D3-BF4B-00C04F79EFBC}") = "L2", "L2\L2.csproj", "{2941E696-0934-4D99-8340-33ADC3B0DF6B}"
EndProject
Project("{FAE04EC0-301F-11D3-BF4B-00C04F79EFBC}") = "L3", "L3\L3.csproj", "{DA863A88-4251-4CF1-98B6-F23FD86364A7}"
EndProject
Project("{FAE04EC0-301F-11D3-BF4B-00C04F79EFBC}") = "L5", "L5\L5.csproj", "{2F1AE8F0-EB05-45F1-AD16-709B02792309}"
EndProject
Project("{FAE04EC0-301F-11D3-BF4B-00C04F79EFBC}") = "L6", "L6\L6.csproj", "{90A79F4A-EC1D-42C1-9FAE-807A889F2203}"
EndProject
Project("{FAE04EC0-301F-11D3-BF4B-00C04F79EFBC}") = "L7", "L7\L7.csproj", "{F36377BA-27E3-4749-849D-BB39B5BB7E0C}"
EndProject
Project("{FAE04EC0-301F-11D3-BF4B-00C04F79EFBC}") = "L8.1", "L8.1\L8.1.csproj", "{C3062A70-61AC-4D8F-8BF8-3E404103E860}"
EndProject
Project("{FAE04EC0-301F-11D3-BF4B-00C04F79EFBC}") = "L8.2", "L8.2\L8.2.csproj", "{774228C2-6CBE-450F-9DF0-E1D4093E4C04}"
EndProject
Project("{FAE04EC0-301F-11D3-BF4B-00C04F79EFBC}") = "L4", "L4\L4.csproj", "{367FD174-B983-47DA-8301-25C34E763821}"
EndProject
Project("{FAE04EC0-301F-11D3-BF4B-00C04F79EFBC}") = "Ex1", "Ex1\Ex1.csproj", "{1BC0187F-CB8D-4C00-8385-411DADEDE563}"
EndProject
Project("{FAE04EC0-301F-11D3-BF4B-00C04F79EFBC}") = "L9", "L9\L9.csproj", "{882C5D11-7105-47E7-8A86-1C8451501B33}"
EndProject
Global
	GlobalSection(SolutionConfigurationPlatforms) = preSolution
		Debug|Any CPU = Debug|Any CPU
		Release|Any CPU = Release|Any CPU
	EndGlobalSection
	GlobalSection(ProjectConfigurationPlatforms) = postSolution
		{BCEF0B51-447C-4009-87E6-21B02D3F70E9}.Debug|Any CPU.ActiveCfg = Debug|Any CPU
		{BCEF0B51-447C-4009-87E6-21B02D3F70E9}.Debug|Any CPU.Build.0 = Debug|Any CPU
		{BCEF0B51-447C-4009-87E6-21B02D3F70E9}.Release|Any CPU.ActiveCfg = Release|Any CPU
		{BCEF0B51-447C-4009-87E6-21B02D3F70E9}.Release|Any CPU.Build.0 = Release|Any CPU
		{2941E696-0934-4D99-8340-33ADC3B0DF6B}.Debug|Any CPU.ActiveCfg = Debug|Any CPU
		{2941E696-0934-4D99-8340-33ADC3B0DF6B}.Debug|Any CPU.Build.0 = Debug|Any CPU
		{2941E696-0934-4D99-8340-33ADC3B0DF6B}.Release|Any CPU.ActiveCfg = Release|Any CPU
		{2941E696-0934-4D99-8340-33ADC3B0DF6B}.Release|Any CPU.Build.0 = Release|Any CPU
		{DA863A88-4251-4CF1-98B6-F23FD86364A7}.Debug|Any CPU.ActiveCfg = Debug|Any CPU
		{DA863A88-4251-4CF1-98B6-F23FD86364A7}.Debug|Any CPU.Build.0 = Debug|Any CPU
		{DA863A88-4251-4CF1-98B6-F23FD86364A7}.Release|Any CPU.ActiveCfg = Release|Any CPU
		{DA863A88-4251-4CF1-98B6-F23FD86364A7}.Release|Any CPU.Build.0 = Release|Any CPU
		{2F1AE8F0-EB05-45F1-AD16-709B02792309}.Debug|Any CPU.ActiveCfg = Debug|Any CPU
		{2F1AE8F0-EB05-45F1-AD16-709B02792309}.Debug|Any CPU.Build.0 = Debug|Any CPU
		{2F1AE8F0-EB05-45F1-AD16-709B02792309}.Release|Any CPU.ActiveCfg = Release|Any CPU
		{2F1AE8F0-EB05-45F1-AD16-709B02792309}.Release|Any CPU.Build.0 = Release|Any CPU
		{90A79F4A-EC1D-42C1-9FAE-807A889F2203}.Debug|Any CPU.ActiveCfg = Debug|Any CPU
		{90A79F4A-EC1D-42C1-9FAE-807A889F2203}.Debug|Any CPU.Build.0 = Debug|Any CPU
		{90A79F4A-EC1D-42C1-9FAE-807A889F2203}.Release|Any CPU.ActiveCfg = Release|Any CPU
		{90A79F4A-EC1D-42C1-9FAE-807A889F2203}.Release|Any CPU.Build.0 = Release|Any CPU
		{F36377BA-27E3-4749-849D-BB39B5BB7E0C}.Debug|Any CPU.ActiveCfg = Debug|Any CPU
		{F36377BA-27E3-4749-849D-BB39B5BB7E0C}.Debug|Any CPU.Build.0 = Debug|Any CPU
		{F36377BA-27E3-4749-849D-BB39B5BB7E0C}.Release|Any CPU.ActiveCfg = Release|Any CPU
		{F36377BA-27E3-4749-849D-BB39B5BB7E0C}.Release|Any CPU.Build.0 = Release|Any CPU
		{C3062A70-61AC-4D8F-8BF8-3E404103E860}.Debug|Any CPU.ActiveCfg = Debug|Any CPU
		{C3062A70-61AC-4D8F-8BF8-3E404103E860}.Debug|Any CPU.Build.0 = Debug|Any CPU
		{C3062A70-61AC-4D8F-8BF8-3E404103E860}.Release|Any CPU.ActiveCfg = Release|Any CPU
		{C3062A70-61AC-4D8F-8BF8-3E404103E860}.Release|Any CPU.Build.0 = Release|Any CPU
		{774228C2-6CBE-450F-9DF0-E1D4093E4C04}.Debug|Any CPU.ActiveCfg = Debug|Any CPU
		{774228C2-6CBE-450F-9DF0-E1D4093E4C04}.Debug|Any CPU.Build.0 = Debug|Any CPU
		{774228C2-6CBE-450F-9DF0-E1D4093E4C04}.Release|Any CPU.ActiveCfg = Release|Any CPU
		{774228C2-6CBE-450F-9DF0-E1D4093E4C04}.Release|Any CPU.Build.0 = Release|Any CPU
		{367FD174-B983-47DA-8301-25C34E763821}.Debug|Any CPU.ActiveCfg = Debug|Any CPU
		{367FD174-B983-47DA-8301-25C34E763821}.Debug|Any CPU.Build.0 = Debug|Any CPU
		{367FD174-B983-47DA-8301-25C34E763821}.Release|Any CPU.ActiveCfg = Release|Any CPU
		{367FD174-B983-47DA-8301-25C34E763821}.Release|Any CPU.Build.0 = Release|Any CPU
		{1BC0187F-CB8D-4C00-8385-411DADEDE563}.Debug|Any CPU.ActiveCfg = Debug|Any CPU
		{1BC0187F-CB8D-4C00-8385-411DADEDE563}.Debug|Any CPU.Build.0 = Debug|Any CPU
		{1BC0187F-CB8D-4C00-8385-411DADEDE563}.Release|Any CPU.ActiveCfg = Release|Any CPU
		{1BC0187F-CB8D-4C00-8385-411DADEDE563}.Release|Any CPU.Build.0 = Release|Any CPU
		{882C5D11-7105-47E7-8A86-1C8451501B33}.Debug|Any CPU.ActiveCfg = Debug|Any CPU
		{882C5D11-7105-47E7-8A86-1C8451501B33}.Debug|Any CPU.Build.0 = Debug|Any CPU
		{882C5D11-7105-47E7-8A86-1C8451501B33}.Release|Any CPU.ActiveCfg = Release|Any CPU
		{882C5D11-7105-47E7-8A86-1C8451501B33}.Release|Any CPU.Build.0 = Release|Any CPU
	EndGlobalSection
	GlobalSection(SolutionProperties) = preSolution
		HideSolutionNode = FALSE
	EndGlobalSection
	GlobalSection(ExtensibilityGlobals) = postSolution
		SolutionGuid = {FD291191-1DDA-437E-AF37-C818BB7C8884}
	EndGlobalSection
EndGlobal
